{
  "name": "keri-neon",
  "version": "0.1.0",
  "lockfileVersion": 2,
  "requires": true,
  "packages": {
    "": {
      "devDependencies": {
        "@napi-rs/cli": "^1.0.0"
      }
    },
    "node_modules/@napi-rs/cli": {
      "version": "1.2.1",
      "resolved": "https://registry.npmjs.org/@napi-rs/cli/-/cli-1.2.1.tgz",
      "integrity": "sha512-7FoYn1JSK5rTIG9KcKfYnZL/O0UjUMMuzZCXd//bJdkLw0Xx9EqQJs1X/Mg4KqywJYb79LDfxRMiJRSukPGDNw==",
      "dev": true,
      "bin": {
        "napi": "scripts/index.js"
      },
      "engines": {
        "node": ">= 10"
      },
      "funding": {
        "type": "github",
        "url": "https://github.com/sponsors/Brooooooklyn"
      }
    }
  },
  "dependencies": {
    "@napi-rs/cli": {
      "version": "1.2.1",
      "resolved": "https://registry.npmjs.org/@napi-rs/cli/-/cli-1.2.1.tgz",
      "integrity": "sha512-7FoYn1JSK5rTIG9KcKfYnZL/O0UjUMMuzZCXd//bJdkLw0Xx9EqQJs1X/Mg4KqywJYb79LDfxRMiJRSukPGDNw==",
      "dev": true
    }
  }
}
