{
  "requires": true,
  "lockfileVersion": 1,
  "dependencies": {
    "@napi-rs/cli": {
      "version": "1.2.1",
      "resolved": "https://registry.npmjs.org/@napi-rs/cli/-/cli-1.2.1.tgz",
      "integrity": "sha512-7FoYn1JSK5rTIG9KcKfYnZL/O0UjUMMuzZCXd//bJdkLw0Xx9EqQJs1X/Mg4KqywJYb79LDfxRMiJRSukPGDNw==",
      "dev": true
    }
  }
}
